
Microsoft Visual Studio Solution File, Format Version 10.00
# Visual Studio 2008
Project("{FAE04EC0-301F-11D3-BF4B-00C04F79EFBC}") = "WCFDemo.Host", "WCFDemo.Host\WCFDemo.Host.csproj", "{FB99C2B9-604B-454E-9E20-9CB8D5DCB60D}"
EndProject
Project("{FAE04EC0-301F-11D3-BF4B-00C04F79EFBC}") = "WCFDemo.Client", "WCFDemo.Client\WCFDemo.Client.csproj", "{46F224AF-D1DD-4DEC-9FBA-F4E9ECDF74F0}"
	ProjectSection(ProjectDependencies) = postProject
		{FB99C2B9-604B-454E-9E20-9CB8D5DCB60D} = {FB99C2B9-604B-454E-9E20-9CB8D5DCB60D}
	EndProjectSection
EndProject
Global
	GlobalSection(SolutionConfigurationPlatforms) = preSolution
		Debug|Any CPU = Debug|Any CPU
		Release|Any CPU = Release|Any CPU
	EndGlobalSection
	GlobalSection(ProjectConfigurationPlatforms) = postSolution
		{FB99C2B9-604B-454E-9E20-9CB8D5DCB60D}.Debug|Any CPU.ActiveCfg = Debug|Any CPU
		{FB99C2B9-604B-454E-9E20-9CB8D5DCB60D}.Debug|Any CPU.Build.0 = Debug|Any CPU
		{FB99C2B9-604B-454E-9E20-9CB8D5DCB60D}.Release|Any CPU.ActiveCfg = Release|Any CPU
		{FB99C2B9-604B-454E-9E20-9CB8D5DCB60D}.Release|Any CPU.Build.0 = Release|Any CPU
		{46F224AF-D1DD-4DEC-9FBA-F4E9ECDF74F0}.Debug|Any CPU.ActiveCfg = Debug|Any CPU
		{46F224AF-D1DD-4DEC-9FBA-F4E9ECDF74F0}.Debug|Any CPU.Build.0 = Debug|Any CPU
		{46F224AF-D1DD-4DEC-9FBA-F4E9ECDF74F0}.Release|Any CPU.ActiveCfg = Release|Any CPU
		{46F224AF-D1DD-4DEC-9FBA-F4E9ECDF74F0}.Release|Any CPU.Build.0 = Release|Any CPU
	EndGlobalSection
	GlobalSection(SolutionProperties) = preSolution
		HideSolutionNode = FALSE
	EndGlobalSection
EndGlobal
